
Microsoft Visual Studio Solution File, Format Version 12.00
# Visual Studio Version 17
VisualStudioVersion = 17.4.33213.308
MinimumVisualStudioVersion = 10.0.40219.1
Project("{FAE04EC0-301F-11D3-BF4B-00C04F79EFBC}") = "Spaceman", "Spaceman.csproj", "{9126D3CD-C43B-489C-BD5C-DBFD33BF3691}"
EndProject
Global
	GlobalSection(SolutionConfigurationPlatforms) = preSolution
		Debug|Any CPU = Debug|Any CPU
		Release|Any CPU = Release|Any CPU
	EndGlobalSection
	GlobalSection(ProjectConfigurationPlatforms) = postSolution
		{9126D3CD-C43B-489C-BD5C-DBFD33BF3691}.Debug|Any CPU.ActiveCfg = Debug|Any CPU
		{9126D3CD-C43B-489C-BD5C-DBFD33BF3691}.Debug|Any CPU.Build.0 = Debug|Any CPU
		{9126D3CD-C43B-489C-BD5C-DBFD33BF3691}.Release|Any CPU.ActiveCfg = Release|Any CPU
		{9126D3CD-C43B-489C-BD5C-DBFD33BF3691}.Release|Any CPU.Build.0 = Release|Any CPU
	EndGlobalSection
	GlobalSection(SolutionProperties) = preSolution
		HideSolutionNode = FALSE
	EndGlobalSection
	GlobalSection(ExtensibilityGlobals) = postSolution
		SolutionGuid = {392AF089-F296-4968-A014-72BF2633E8D1}
	EndGlobalSection
EndGlobal
